
Microsoft Visual Studio Solution File, Format Version 12.00
# Visual Studio Version 17
VisualStudioVersion = 17.3.32901.215
MinimumVisualStudioVersion = 10.0.40219.1
Project("{FAE04EC0-301F-11D3-BF4B-00C04F79EFBC}") = "FizzBuzzProject", "FizzBuzzProject\FizzBuzzProject.csproj", "{52D248B5-30E8-49BB-AE5D-5D12ECF25036}"
EndProject
Project("{FAE04EC0-301F-11D3-BF4B-00C04F79EFBC}") = "FizzBuzzProject.Test", "FizzBuzzProject.Test\FizzBuzzProject.Test.csproj", "{4565A2B3-2554-4F3D-816B-A783F7443181}"
EndProject
Global
	GlobalSection(SolutionConfigurationPlatforms) = preSolution
		Debug|Any CPU = Debug|Any CPU
		Release|Any CPU = Release|Any CPU
	EndGlobalSection
	GlobalSection(ProjectConfigurationPlatforms) = postSolution
		{52D248B5-30E8-49BB-AE5D-5D12ECF25036}.Debug|Any CPU.ActiveCfg = Debug|Any CPU
		{52D248B5-30E8-49BB-AE5D-5D12ECF25036}.Debug|Any CPU.Build.0 = Debug|Any CPU
		{52D248B5-30E8-49BB-AE5D-5D12ECF25036}.Release|Any CPU.ActiveCfg = Release|Any CPU
		{52D248B5-30E8-49BB-AE5D-5D12ECF25036}.Release|Any CPU.Build.0 = Release|Any CPU
		{4565A2B3-2554-4F3D-816B-A783F7443181}.Debug|Any CPU.ActiveCfg = Debug|Any CPU
		{4565A2B3-2554-4F3D-816B-A783F7443181}.Debug|Any CPU.Build.0 = Debug|Any CPU
		{4565A2B3-2554-4F3D-816B-A783F7443181}.Release|Any CPU.ActiveCfg = Release|Any CPU
		{4565A2B3-2554-4F3D-816B-A783F7443181}.Release|Any CPU.Build.0 = Release|Any CPU
	EndGlobalSection
	GlobalSection(SolutionProperties) = preSolution
		HideSolutionNode = FALSE
	EndGlobalSection
	GlobalSection(ExtensibilityGlobals) = postSolution
		SolutionGuid = {2F8CE20E-4D54-4CAE-A1F8-4461715BC90A}
	EndGlobalSection
EndGlobal
